
Microsoft Visual Studio Solution File, Format Version 12.00
# Visual Studio Version 16
VisualStudioVersion = 16.0.30717.126
MinimumVisualStudioVersion = 10.0.40219.1
Project("{9A19103F-16F7-4668-BE54-9A1E7A4F7556}") = "Toolbox.Xml.Serialization", "Toolbox.Xml.Serialization\Toolbox.Xml.Serialization.csproj", "{DDE8DAC5-0253-472C-8439-5612AEB5FBA9}"
EndProject
Project("{9A19103F-16F7-4668-BE54-9A1E7A4F7556}") = "Toolbox.Xml.Serialization.Test", "Toolbox.Xml.Serialization.Test\Toolbox.Xml.Serialization.Test.csproj", "{BBCF1F5F-F82D-4CAC-8617-8ED44C9F72C5}"
EndProject
Global
	GlobalSection(SolutionConfigurationPlatforms) = preSolution
		Debug|Any CPU = Debug|Any CPU
		Release|Any CPU = Release|Any CPU
	EndGlobalSection
	GlobalSection(ProjectConfigurationPlatforms) = postSolution
		{DDE8DAC5-0253-472C-8439-5612AEB5FBA9}.Debug|Any CPU.ActiveCfg = Debug|Any CPU
		{DDE8DAC5-0253-472C-8439-5612AEB5FBA9}.Debug|Any CPU.Build.0 = Debug|Any CPU
		{DDE8DAC5-0253-472C-8439-5612AEB5FBA9}.Release|Any CPU.ActiveCfg = Release|Any CPU
		{DDE8DAC5-0253-472C-8439-5612AEB5FBA9}.Release|Any CPU.Build.0 = Release|Any CPU
		{BBCF1F5F-F82D-4CAC-8617-8ED44C9F72C5}.Debug|Any CPU.ActiveCfg = Debug|Any CPU
		{BBCF1F5F-F82D-4CAC-8617-8ED44C9F72C5}.Debug|Any CPU.Build.0 = Debug|Any CPU
		{BBCF1F5F-F82D-4CAC-8617-8ED44C9F72C5}.Release|Any CPU.ActiveCfg = Release|Any CPU
		{BBCF1F5F-F82D-4CAC-8617-8ED44C9F72C5}.Release|Any CPU.Build.0 = Release|Any CPU
	EndGlobalSection
	GlobalSection(SolutionProperties) = preSolution
		HideSolutionNode = FALSE
	EndGlobalSection
	GlobalSection(ExtensibilityGlobals) = postSolution
		SolutionGuid = {B5221F9B-535F-41C2-A26D-4E208418DF74}
	EndGlobalSection
EndGlobal
